{"version":4,"terraform_version":"1.11.5","serial":3,"lineage":"a29c47ee-ce0a-f0f4-f22c-4d60650e0690","outputs":{},"resources":[{"mode":"managed","type":"proxmox_vm_qemu","name":"cloudinit-test","provider":"provider[\"registry.opentofu.org/telmate/proxmox\"]","instances":[{"index_key":0,"schema_version":0,"attributes":{"additional_wait":5,"agent":1,"agent_timeout":90,"args":"","automatic_reboot":true,"automatic_reboot_severity":"error","balloon":0,"bios":"seabios","boot":"order=virtio0","bootdisk":"","ci_wait":null,"cicustom":null,"cipassword":"","ciupgrade":false,"ciuser":"","clone":"k0s-template","clone_id":null,"clone_wait":10,"cores":0,"cpu":[{"affinity":"","cores":2,"flags":[],"limit":0,"numa":false,"sockets":1,"type":"host","units":0,"vcores":0}],"cpu_type":"","current_node":"server04","default_ipv4_address":"192.168.80.20","default_ipv6_address":"","define_connection_info":true,"desc":null,"description":"A test for using terraform and cloudinit","disk":[],"disks":[{"ide":[{"ide0":[],"ide1":[],"ide2":[],"ide3":[{"cdrom":[],"cloudinit":[{"storage":"local-lvm"}],"disk":[],"ignore":false,"passthrough":[]}]}],"sata":[],"scsi":[],"virtio":[{"virtio0":[{"cdrom":[],"disk":[{"asyncio":"","backup":true,"cache":"","discard":true,"format":"raw","id":0,"iops_r_burst":0,"iops_r_burst_length":0,"iops_r_concurrent":0,"iops_wr_burst":0,"iops_wr_burst_length":0,"iops_wr_concurrent":0,"iothread":false,"linked_disk_id":-1,"mbps_r_burst":0,"mbps_r_concurrent":0,"mbps_wr_burst":0,"mbps_wr_concurrent":0,"readonly":false,"replicate":false,"serial":"","size":"40G","storage":"local-lvm","wwn":""}],"ignore":false,"passthrough":[]}],"virtio1":[],"virtio10":[],"virtio11":[],"virtio12":[],"virtio13":[],"virtio14":[],"virtio15":[],"virtio2":[],"virtio3":[],"virtio4":[],"virtio5":[],"virtio6":[],"virtio7":[],"virtio8":[],"virtio9":[]}]}],"efidisk":[],"force_create":false,"force_recreate_on_change_of":null,"full_clone":true,"hagroup":"","hastate":"","hostpci":[],"hotplug":"network,disk,usb","id":"server04/qemu/100","ipconfig0":"ip=192.168.80.20/24,gw=192.168.80.1","ipconfig1":null,"ipconfig10":null,"ipconfig11":null,"ipconfig12":null,"ipconfig13":null,"ipconfig14":null,"ipconfig15":null,"ipconfig2":null,"ipconfig3":null,"ipconfig4":null,"ipconfig5":null,"ipconfig6":null,"ipconfig7":null,"ipconfig8":null,"ipconfig9":null,"kvm":true,"linked_vmid":0,"machine":"","memory":2048,"name":"terraform-test-vm-0","nameserver":null,"network":[{"bridge":"vmbr80","firewall":false,"id":0,"link_down":false,"macaddr":"bc:24:11:62:9d:13","model":"virtio","mtu":0,"queues":0,"rate":0,"tag":0}],"numa":false,"onboot":null,"os_network_config":null,"os_type":"cloud-init","pci":[],"pcis":[],"pool":"","protection":false,"pxe":null,"qemu_os":"other","reboot_required":false,"rng":[],"scsihw":"lsi","searchdomain":null,"serial":[],"skip_ipv4":false,"skip_ipv6":false,"smbios":[{"family":"","manufacturer":"","product":"","serial":"","sku":"","uuid":"8b4ff1bb-1116-4582-aad3-49da4108c73c","version":""}],"sockets":0,"ssh_forward_ip":null,"ssh_host":"192.168.80.20","ssh_port":"22","ssh_private_key":null,"ssh_user":null,"sshkeys":"ssh-rsa AAAAB3NzaC1yc2EAAAADAQABAAACAQCwp2LzcPGhJ3or+08v+YESykwuuMGnvU2/nNcU2ZBLGVOqErXUom+Q+ForBTtquohmMs1RpKB2PryYAssYoPG9nEwcJWZOB3YPL4XTjh9IgeZaQnm/fr6y4qYHp5+MAdePGHMiKse/yE0uUWra8kUiYe2KgkpkukddvxaCjA5LI75+/9VAtuNM2dIWrEUfZ7R6s/eE8iQ2faIfMyTU5QOUNI5/goUflMyP3gaIxi8nUZ9jkfj09agRSKl2dwamatbzR3IiAqxkaWaTk01ctOwSxW3vsH2GuHx5MS45ipSDv7ppBYh8oLuJCE1vVbM2TbBgF/j0vyVp0JV3w7JqTS0dh7hkMSekLiNTj/KfovymUnlo1Xq7b56cD8nvh2bXVqo/IiH7ArQ7vIoabSaBUPllGeF/BkvVQqYIBwEiKiwc3vcj6R45dXV96VpfAq382s675+b5jLRFGBGqAJBgpogflE+Vrs/1cV0cT7mOHFYbnvaOSf28OBHANMMuS8tGbTh9xMW/AgCSc7ZK31g6B3wOZbYxrxptR8nax3XnFXAYWjcEE2U8eS+P0LE/UltLNFnupz1+l9u5IcJbqwCrr8qV0CZwffaQL3+Yo+7kMQ2Uw7Te1BHvs0C8vKWfTzQ0XjwujvaN+lQdiEhTcT5nUTOufkvXfyfs77TlzOjNTiJUBQ== ri@ri-t-1005\n","start_at_node_boot":false,"startup":null,"startup_shutdown":[{"order":-1,"shutdown_timeout":-1,"startup_delay":-1}],"tablet":true,"tags":"","target_node":"server04","target_nodes":null,"timeouts":null,"tpm_state":[],"unused_disk":[],"usb":[],"usbs":[],"vcpus":0,"vga":[],"vm_state":"running","vmid":100},"sensitive_attributes":[[{"type":"get_attr","value":"cipassword"}],[{"type":"get_attr","value":"ssh_private_key"}]],"private":"eyJlMmJmYjczMC1lY2FhLTExZTYtOGY4OC0zNDM2M2JjN2M0YzAiOnsiY3JlYXRlIjoxMjAwMDAwMDAwMDAwLCJkZWZhdWx0IjoxMjAwMDAwMDAwMDAwLCJkZWxldGUiOjEyMDAwMDAwMDAwMDAsInJlYWQiOjEyMDAwMDAwMDAwMDAsInVwZGF0ZSI6MTIwMDAwMDAwMDAwMH19"},{"index_key":1,"schema_version":0,"attributes":{"additional_wait":5,"agent":1,"agent_timeout":90,"args":"","automatic_reboot":true,"automatic_reboot_severity":"error","balloon":0,"bios":"seabios","boot":"order=virtio0","bootdisk":"","ci_wait":null,"cicustom":null,"cipassword":"","ciupgrade":false,"ciuser":"","clone":"k0s-template","clone_id":null,"clone_wait":10,"cores":0,"cpu":[{"affinity":"","cores":2,"flags":[],"limit":0,"numa":false,"sockets":1,"type":"host","units":0,"vcores":0}],"cpu_type":"","current_node":"server04","default_ipv4_address":"192.168.80.20","default_ipv6_address":"","define_connection_info":true,"desc":null,"description":"A test for using terraform and cloudinit","disk":[],"disks":[{"ide":[{"ide0":[],"ide1":[],"ide2":[],"ide3":[{"cdrom":[],"cloudinit":[{"storage":"local-lvm"}],"disk":[],"ignore":false,"passthrough":[]}]}],"sata":[],"scsi":[],"virtio":[{"virtio0":[{"cdrom":[],"disk":[{"asyncio":"","backup":true,"cache":"","discard":true,"format":"raw","id":0,"iops_r_burst":0,"iops_r_burst_length":0,"iops_r_concurrent":0,"iops_wr_burst":0,"iops_wr_burst_length":0,"iops_wr_concurrent":0,"iothread":false,"linked_disk_id":-1,"mbps_r_burst":0,"mbps_r_concurrent":0,"mbps_wr_burst":0,"mbps_wr_concurrent":0,"readonly":false,"replicate":false,"serial":"","size":"40G","storage":"local-lvm","wwn":""}],"ignore":false,"passthrough":[]}],"virtio1":[],"virtio10":[],"virtio11":[],"virtio12":[],"virtio13":[],"virtio14":[],"virtio15":[],"virtio2":[],"virtio3":[],"virtio4":[],"virtio5":[],"virtio6":[],"virtio7":[],"virtio8":[],"virtio9":[]}]}],"efidisk":[],"force_create":false,"force_recreate_on_change_of":null,"full_clone":true,"hagroup":"","hastate":"","hostpci":[],"hotplug":"network,disk,usb","id":"server04/qemu/103","ipconfig0":"ip=192.168.80.20/24,gw=192.168.80.1","ipconfig1":null,"ipconfig10":null,"ipconfig11":null,"ipconfig12":null,"ipconfig13":null,"ipconfig14":null,"ipconfig15":null,"ipconfig2":null,"ipconfig3":null,"ipconfig4":null,"ipconfig5":null,"ipconfig6":null,"ipconfig7":null,"ipconfig8":null,"ipconfig9":null,"kvm":true,"linked_vmid":0,"machine":"","memory":2048,"name":"terraform-test-vm-1","nameserver":null,"network":[{"bridge":"vmbr80","firewall":false,"id":0,"link_down":false,"macaddr":"bc:24:11:f8:17:91","model":"virtio","mtu":0,"queues":0,"rate":0,"tag":0}],"numa":false,"onboot":null,"os_network_config":null,"os_type":"cloud-init","pci":[],"pcis":[],"pool":"","protection":false,"pxe":null,"qemu_os":"other","reboot_required":false,"rng":[],"scsihw":"lsi","searchdomain":null,"serial":[],"skip_ipv4":false,"skip_ipv6":false,"smbios":[{"family":"","manufacturer":"","product":"","serial":"","sku":"","uuid":"e430ce46-18a3-43f6-ab00-528c7d7d7ed8","version":""}],"sockets":0,"ssh_forward_ip":null,"ssh_host":"192.168.80.20","ssh_port":"22","ssh_private_key":null,"ssh_user":null,"sshkeys":"ssh-rsa AAAAB3NzaC1yc2EAAAADAQABAAACAQCwp2LzcPGhJ3or+08v+YESykwuuMGnvU2/nNcU2ZBLGVOqErXUom+Q+ForBTtquohmMs1RpKB2PryYAssYoPG9nEwcJWZOB3YPL4XTjh9IgeZaQnm/fr6y4qYHp5+MAdePGHMiKse/yE0uUWra8kUiYe2KgkpkukddvxaCjA5LI75+/9VAtuNM2dIWrEUfZ7R6s/eE8iQ2faIfMyTU5QOUNI5/goUflMyP3gaIxi8nUZ9jkfj09agRSKl2dwamatbzR3IiAqxkaWaTk01ctOwSxW3vsH2GuHx5MS45ipSDv7ppBYh8oLuJCE1vVbM2TbBgF/j0vyVp0JV3w7JqTS0dh7hkMSekLiNTj/KfovymUnlo1Xq7b56cD8nvh2bXVqo/IiH7ArQ7vIoabSaBUPllGeF/BkvVQqYIBwEiKiwc3vcj6R45dXV96VpfAq382s675+b5jLRFGBGqAJBgpogflE+Vrs/1cV0cT7mOHFYbnvaOSf28OBHANMMuS8tGbTh9xMW/AgCSc7ZK31g6B3wOZbYxrxptR8nax3XnFXAYWjcEE2U8eS+P0LE/UltLNFnupz1+l9u5IcJbqwCrr8qV0CZwffaQL3+Yo+7kMQ2Uw7Te1BHvs0C8vKWfTzQ0XjwujvaN+lQdiEhTcT5nUTOufkvXfyfs77TlzOjNTiJUBQ== ri@ri-t-1005\n","start_at_node_boot":false,"startup":null,"startup_shutdown":[{"order":-1,"shutdown_timeout":-1,"startup_delay":-1}],"tablet":true,"tags":"","target_node":"server04","target_nodes":null,"timeouts":null,"tpm_state":[],"unused_disk":[],"usb":[],"usbs":[],"vcpus":0,"vga":[],"vm_state":"running","vmid":103},"sensitive_attributes":[[{"type":"get_attr","value":"cipassword"}],[{"type":"get_attr","value":"ssh_private_key"}]],"private":"eyJlMmJmYjczMC1lY2FhLTExZTYtOGY4OC0zNDM2M2JjN2M0YzAiOnsiY3JlYXRlIjoxMjAwMDAwMDAwMDAwLCJkZWZhdWx0IjoxMjAwMDAwMDAwMDAwLCJkZWxldGUiOjEyMDAwMDAwMDAwMDAsInJlYWQiOjEyMDAwMDAwMDAwMDAsInVwZGF0ZSI6MTIwMDAwMDAwMDAwMH19"},{"index_key":2,"schema_version":0,"attributes":{"additional_wait":5,"agent":1,"agent_timeout":90,"args":"","automatic_reboot":true,"automatic_reboot_severity":"error","balloon":0,"bios":"seabios","boot":"order=virtio0","bootdisk":"","ci_wait":null,"cicustom":null,"cipassword":"","ciupgrade":false,"ciuser":"","clone":"k0s-template","clone_id":null,"clone_wait":10,"cores":0,"cpu":[{"affinity":"","cores":2,"flags":[],"limit":0,"numa":false,"sockets":1,"type":"host","units":0,"vcores":0}],"cpu_type":"","current_node":"server04","default_ipv4_address":"192.168.80.20","default_ipv6_address":"","define_connection_info":true,"desc":null,"description":"A test for using terraform and cloudinit","disk":[],"disks":[{"ide":[{"ide0":[],"ide1":[],"ide2":[],"ide3":[{"cdrom":[],"cloudinit":[{"storage":"local-lvm"}],"disk":[],"ignore":false,"passthrough":[]}]}],"sata":[],"scsi":[],"virtio":[{"virtio0":[{"cdrom":[],"disk":[{"asyncio":"","backup":true,"cache":"","discard":true,"format":"raw","id":0,"iops_r_burst":0,"iops_r_burst_length":0,"iops_r_concurrent":0,"iops_wr_burst":0,"iops_wr_burst_length":0,"iops_wr_concurrent":0,"iothread":false,"linked_disk_id":-1,"mbps_r_burst":0,"mbps_r_concurrent":0,"mbps_wr_burst":0,"mbps_wr_concurrent":0,"readonly":false,"replicate":false,"serial":"","size":"40G","storage":"local-lvm","wwn":""}],"ignore":false,"passthrough":[]}],"virtio1":[],"virtio10":[],"virtio11":[],"virtio12":[],"virtio13":[],"virtio14":[],"virtio15":[],"virtio2":[],"virtio3":[],"virtio4":[],"virtio5":[],"virtio6":[],"virtio7":[],"virtio8":[],"virtio9":[]}]}],"efidisk":[],"force_create":false,"force_recreate_on_change_of":null,"full_clone":true,"hagroup":"","hastate":"","hostpci":[],"hotplug":"network,disk,usb","id":"server04/qemu/102","ipconfig0":"ip=192.168.80.20/24,gw=192.168.80.1","ipconfig1":null,"ipconfig10":null,"ipconfig11":null,"ipconfig12":null,"ipconfig13":null,"ipconfig14":null,"ipconfig15":null,"ipconfig2":null,"ipconfig3":null,"ipconfig4":null,"ipconfig5":null,"ipconfig6":null,"ipconfig7":null,"ipconfig8":null,"ipconfig9":null,"kvm":true,"linked_vmid":0,"machine":"","memory":2048,"name":"terraform-test-vm-2","nameserver":null,"network":[{"bridge":"vmbr80","firewall":false,"id":0,"link_down":false,"macaddr":"bc:24:11:3b:b6:65","model":"virtio","mtu":0,"queues":0,"rate":0,"tag":0}],"numa":false,"onboot":null,"os_network_config":null,"os_type":"cloud-init","pci":[],"pcis":[],"pool":"","protection":false,"pxe":null,"qemu_os":"other","reboot_required":false,"rng":[],"scsihw":"lsi","searchdomain":null,"serial":[],"skip_ipv4":false,"skip_ipv6":false,"smbios":[{"family":"","manufacturer":"","product":"","serial":"","sku":"","uuid":"c9cbb169-da29-431a-995d-3be56ad8798a","version":""}],"sockets":0,"ssh_forward_ip":null,"ssh_host":"192.168.80.20","ssh_port":"22","ssh_private_key":null,"ssh_user":null,"sshkeys":"ssh-rsa AAAAB3NzaC1yc2EAAAADAQABAAACAQCwp2LzcPGhJ3or+08v+YESykwuuMGnvU2/nNcU2ZBLGVOqErXUom+Q+ForBTtquohmMs1RpKB2PryYAssYoPG9nEwcJWZOB3YPL4XTjh9IgeZaQnm/fr6y4qYHp5+MAdePGHMiKse/yE0uUWra8kUiYe2KgkpkukddvxaCjA5LI75+/9VAtuNM2dIWrEUfZ7R6s/eE8iQ2faIfMyTU5QOUNI5/goUflMyP3gaIxi8nUZ9jkfj09agRSKl2dwamatbzR3IiAqxkaWaTk01ctOwSxW3vsH2GuHx5MS45ipSDv7ppBYh8oLuJCE1vVbM2TbBgF/j0vyVp0JV3w7JqTS0dh7hkMSekLiNTj/KfovymUnlo1Xq7b56cD8nvh2bXVqo/IiH7ArQ7vIoabSaBUPllGeF/BkvVQqYIBwEiKiwc3vcj6R45dXV96VpfAq382s675+b5jLRFGBGqAJBgpogflE+Vrs/1cV0cT7mOHFYbnvaOSf28OBHANMMuS8tGbTh9xMW/AgCSc7ZK31g6B3wOZbYxrxptR8nax3XnFXAYWjcEE2U8eS+P0LE/UltLNFnupz1+l9u5IcJbqwCrr8qV0CZwffaQL3+Yo+7kMQ2Uw7Te1BHvs0C8vKWfTzQ0XjwujvaN+lQdiEhTcT5nUTOufkvXfyfs77TlzOjNTiJUBQ== ri@ri-t-1005\n","start_at_node_boot":false,"startup":null,"startup_shutdown":[{"order":-1,"shutdown_timeout":-1,"startup_delay":-1}],"tablet":true,"tags":"","target_node":"server04","target_nodes":null,"timeouts":null,"tpm_state":[],"unused_disk":[],"usb":[],"usbs":[],"vcpus":0,"vga":[],"vm_state":"running","vmid":102},"sensitive_attributes":[[{"type":"get_attr","value":"cipassword"}],[{"type":"get_attr","value":"ssh_private_key"}]],"private":"eyJlMmJmYjczMC1lY2FhLTExZTYtOGY4OC0zNDM2M2JjN2M0YzAiOnsiY3JlYXRlIjoxMjAwMDAwMDAwMDAwLCJkZWZhdWx0IjoxMjAwMDAwMDAwMDAwLCJkZWxldGUiOjEyMDAwMDAwMDAwMDAsInJlYWQiOjEyMDAwMDAwMDAwMDAsInVwZGF0ZSI6MTIwMDAwMDAwMDAwMH19"}]}],"check_results":null}
