{"version":4,"terraform_version":"1.11.5","serial":2,"lineage":"2b95f4be-a973-dba1-7c40-197c0ab95935","outputs":{"k0s_node_ips":{"value":["192.168.80.20/24","192.168.80.21/24","192.168.80.22/24"],"type":["tuple",["string","string","string"]]}},"resources":[{"mode":"managed","type":"proxmox_virtual_environment_download_file","name":"ubuntu_cloud_image","provider":"provider[\"registry.opentofu.org/bpg/proxmox\"]","instances":[{"schema_version":0,"attributes":{"checksum":null,"checksum_algorithm":null,"content_type":"iso","datastore_id":"local","decompression_algorithm":null,"file_name":"noble-server-cloudimg-amd64.img","id":"local:iso/noble-server-cloudimg-amd64.img","node_name":"server04","overwrite":false,"overwrite_unmanaged":false,"size":629380096,"upload_timeout":600,"url":"https://cloud-images.ubuntu.com/noble/current/noble-server-cloudimg-amd64.img","verify":true},"sensitive_attributes":[]}]},{"mode":"managed","type":"proxmox_virtual_environment_vm","name":"k0s_template","provider":"provider[\"registry.opentofu.org/bpg/proxmox\"]","instances":[{"status":"tainted","schema_version":0,"attributes":{"acpi":true,"agent":[],"audio_device":[],"bios":"seabios","boot_order":null,"cdrom":[],"clone":[],"cpu":[],"description":null,"disk":[{"aio":"io_uring","backup":true,"cache":"none","datastore_id":"local-lvm","discard":"ignore","file_format":"","file_id":"local:iso/noble-server-cloudimg-amd64.img","interface":"virtio0","iothread":false,"path_in_datastore":"","replicate":true,"serial":"","size":20,"speed":[],"ssd":false}],"efi_disk":[],"hook_script_file_id":null,"hostpci":[],"id":"100","initialization":[{"datastore_id":"local-lvm","dns":[],"interface":"","ip_config":[],"meta_data_file_id":"","network_data_file_id":"","type":"","upgrade":false,"user_account":[{"keys":["ssh-ed25519 AAAAC3NzaC1lZDI1NTE5AAAAIM8xyuPW6X2t6jg5dlRJrW+K9PtRU3gl8jBgg42IV/N2 ri@ri-t-1005"],"password":"","username":"ubuntu"}],"user_data_file_id":"","vendor_data_file_id":""}],"ipv4_addresses":null,"ipv6_addresses":null,"keyboard_layout":"en-us","kvm_arguments":null,"mac_addresses":null,"machine":null,"memory":[],"migrate":false,"name":"k0s-template","network_device":[{"bridge":"vmbr80","disconnected":false,"enabled":true,"firewall":false,"mac_address":"","model":"virtio","mtu":0,"queues":0,"rate_limit":0,"trunks":"","vlan_id":0}],"network_interface_names":null,"node_name":"server04","numa":[],"on_boot":true,"operating_system":[],"pool_id":null,"protection":false,"reboot":false,"scsi_hardware":"virtio-scsi-pci","serial_device":[],"smbios":[],"started":null,"startup":[],"stop_on_destroy":false,"tablet_device":true,"tags":null,"template":true,"timeout_clone":1800,"timeout_create":1800,"timeout_migrate":1800,"timeout_move_disk":1800,"timeout_reboot":1800,"timeout_shutdown_vm":1800,"timeout_start_vm":1800,"timeout_stop_vm":300,"tpm_state":[],"usb":[],"vga":[],"vm_id":100,"watchdog":[]},"sensitive_attributes":[[{"type":"get_attr","value":"initialization"},{"type":"index","value":{"value":0,"type":"number"}},{"type":"get_attr","value":"user_account"},{"type":"index","value":{"value":0,"type":"number"}},{"type":"get_attr","value":"password"}]],"private":"bnVsbA==","dependencies":["proxmox_virtual_environment_download_file.ubuntu_cloud_image"]}]}],"check_results":null}
