{"version":4,"terraform_version":"1.11.5","serial":3,"lineage":"2b95f4be-a973-dba1-7c40-197c0ab95935","outputs":{"k0s_node_ips":{"value":["192.168.80.20/24","192.168.80.21/24","192.168.80.22/24"],"type":["tuple",["string","string","string"]]}},"resources":[{"mode":"managed","type":"proxmox_virtual_environment_download_file","name":"ubuntu_cloud_image","provider":"provider[\"registry.opentofu.org/bpg/proxmox\"]","instances":[{"schema_version":0,"attributes":{"checksum":null,"checksum_algorithm":null,"content_type":"iso","datastore_id":"local","decompression_algorithm":null,"file_name":"noble-server-cloudimg-amd64.img","id":"local:iso/noble-server-cloudimg-amd64.img","node_name":"server04","overwrite":false,"overwrite_unmanaged":false,"size":629380096,"upload_timeout":600,"url":"https://cloud-images.ubuntu.com/noble/current/noble-server-cloudimg-amd64.img","verify":true},"sensitive_attributes":[],"private":"eyJvcmlnaW5hbF9zdGF0ZV9zaXplIjoiTmpJNU16Z3dNRGsyIn0="}]},{"mode":"managed","type":"proxmox_virtual_environment_vm","name":"k0s_template","provider":"provider[\"registry.opentofu.org/bpg/proxmox\"]","instances":[{"status":"tainted","schema_version":0,"attributes":{"acpi":true,"agent":[],"audio_device":[],"bios":"seabios","boot_order":null,"cdrom":[],"clone":[],"cpu":[],"description":null,"disk":[{"aio":"io_uring","backup":true,"cache":"none","datastore_id":"local-lvm","discard":"ignore","file_format":"","file_id":"local:iso/noble-server-cloudimg-amd64.img","interface":"virtio0","iothread":false,"path_in_datastore":"","replicate":true,"serial":"","size":20,"speed":[],"ssd":false}],"efi_disk":[],"hook_script_file_id":null,"hostpci":[],"id":"100","initialization":[{"datastore_id":"local-lvm","dns":[],"interface":"","ip_config":[],"meta_data_file_id":"","network_data_file_id":"","type":"","upgrade":false,"user_account":[{"keys":["ssh-rsa AAAAB3NzaC1yc2EAAAADAQABAAACAQCwp2LzcPGhJ3or+08v+YESykwuuMGnvU2/nNcU2ZBLGVOqErXUom+Q+ForBTtquohmMs1RpKB2PryYAssYoPG9nEwcJWZOB3YPL4XTjh9IgeZaQnm/fr6y4qYHp5+MAdePGHMiKse/yE0uUWra8kUiYe2KgkpkukddvxaCjA5LI75+/9VAtuNM2dIWrEUfZ7R6s/eE8iQ2faIfMyTU5QOUNI5/goUflMyP3gaIxi8nUZ9jkfj09agRSKl2dwamatbzR3IiAqxkaWaTk01ctOwSxW3vsH2GuHx5MS45ipSDv7ppBYh8oLuJCE1vVbM2TbBgF/j0vyVp0JV3w7JqTS0dh7hkMSekLiNTj/KfovymUnlo1Xq7b56cD8nvh2bXVqo/IiH7ArQ7vIoabSaBUPllGeF/BkvVQqYIBwEiKiwc3vcj6R45dXV96VpfAq382s675+b5jLRFGBGqAJBgpogflE+Vrs/1cV0cT7mOHFYbnvaOSf28OBHANMMuS8tGbTh9xMW/AgCSc7ZK31g6B3wOZbYxrxptR8nax3XnFXAYWjcEE2U8eS+P0LE/UltLNFnupz1+l9u5IcJbqwCrr8qV0CZwffaQL3+Yo+7kMQ2Uw7Te1BHvs0C8vKWfTzQ0XjwujvaN+lQdiEhTcT5nUTOufkvXfyfs77TlzOjNTiJUBQ== ri@ri-t-1005"],"password":"","username":"ubuntu"}],"user_data_file_id":"","vendor_data_file_id":""}],"ipv4_addresses":null,"ipv6_addresses":null,"keyboard_layout":"en-us","kvm_arguments":null,"mac_addresses":null,"machine":null,"memory":[],"migrate":false,"name":"k0s-template","network_device":[{"bridge":"vmbr80","disconnected":false,"enabled":true,"firewall":false,"mac_address":"","model":"virtio","mtu":0,"queues":0,"rate_limit":0,"trunks":"","vlan_id":0}],"network_interface_names":null,"node_name":"server04","numa":[],"on_boot":true,"operating_system":[],"pool_id":null,"protection":false,"reboot":false,"scsi_hardware":"virtio-scsi-pci","serial_device":[],"smbios":[],"started":null,"startup":[],"stop_on_destroy":false,"tablet_device":true,"tags":null,"template":true,"timeout_clone":1800,"timeout_create":1800,"timeout_migrate":1800,"timeout_move_disk":1800,"timeout_reboot":1800,"timeout_shutdown_vm":1800,"timeout_start_vm":1800,"timeout_stop_vm":300,"tpm_state":[],"usb":[],"vga":[],"vm_id":100,"watchdog":[]},"sensitive_attributes":[[{"type":"get_attr","value":"initialization"},{"type":"index","value":{"value":0,"type":"number"}},{"type":"get_attr","value":"user_account"},{"type":"index","value":{"value":0,"type":"number"}},{"type":"get_attr","value":"password"}]],"private":"bnVsbA==","dependencies":["proxmox_virtual_environment_download_file.ubuntu_cloud_image"]}]}],"check_results":null}
